
Microsoft Visual Studio Solution File, Format Version 12.00
# Visual Studio Version 16
VisualStudioVersion = 16.0.29009.5
MinimumVisualStudioVersion = 10.0.40219.1
Project("{9A19103F-16F7-4668-BE54-9A1E7A4F7556}") = "WhatIsCooking.WebUI", "WhatIsCooking.WebUI\WhatIsCooking.WebUI.csproj", "{94CE71FC-6CE2-45CE-9ABD-929C9970262C}"
EndProject
Project("{2150E333-8FDC-42A3-9474-1A3956D46DE8}") = "Presentation", "Presentation", "{685116C8-B017-458D-B699-C7243D502B94}"
EndProject
Project("{2150E333-8FDC-42A3-9474-1A3956D46DE8}") = "Core", "Core", "{71D23105-DC6A-49A9-86BD-77A591096431}"
EndProject
Project("{2150E333-8FDC-42A3-9474-1A3956D46DE8}") = "Infrastructure", "Infrastructure", "{E3106948-1C14-4606-865C-01894D2989CC}"
EndProject
Project("{FAE04EC0-301F-11D3-BF4B-00C04F79EFBC}") = "WhatIsCooking.Domain", "WhatIsCooking.Domain\WhatIsCooking.Domain.csproj", "{E9ADC273-F564-4377-91D8-40BD92C47DC0}"
EndProject
Project("{FAE04EC0-301F-11D3-BF4B-00C04F79EFBC}") = "WhatIsCooking.Domain.Tests", "WhatIsCooking.Domain.Tests\WhatIsCooking.Domain.Tests.csproj", "{DE293B94-9354-4808-BB1F-3364E19DE500}"
EndProject
Project("{FAE04EC0-301F-11D3-BF4B-00C04F79EFBC}") = "WhatIsCooking.Application", "WhatIsCooking.Application\WhatIsCooking.Application.csproj", "{D4854D86-CB4F-4F86-8B87-A35B1814CA50}"
EndProject
Project("{FAE04EC0-301F-11D3-BF4B-00C04F79EFBC}") = "WhatIsCooking.Application.Tests", "WhatIsCooking.Application.Tests\WhatIsCooking.Application.Tests.csproj", "{4534E711-10E3-4D81-A64F-AD13D77E3CE2}"
EndProject
Project("{FAE04EC0-301F-11D3-BF4B-00C04F79EFBC}") = "WhatIsCooking.Persistence", "WhatIsCooking.Persistence\WhatIsCooking.Persistence.csproj", "{B86E6724-D433-437B-9FC3-A418D2B7C2A0}"
EndProject
Project("{FAE04EC0-301F-11D3-BF4B-00C04F79EFBC}") = "WhatIsCooking.Persistence.Tests", "WhatIsCooking.Persistence.Tests\WhatIsCooking.Persistence.Tests.csproj", "{7AACC64B-D233-4942-BC38-DA8F8852AB0D}"
EndProject
Project("{FAE04EC0-301F-11D3-BF4B-00C04F79EFBC}") = "WhatIsCooking.WebUI.Tests", "WhatIsCooking.WebUI.Tests\WhatIsCooking.WebUI.Tests.csproj", "{63393375-F82D-48B1-935F-350F91EEAF88}"
EndProject
Project("{2150E333-8FDC-42A3-9474-1A3956D46DE8}") = "Common", "Common", "{EA7B6CD7-F205-4073-83F6-37FA69EF4C7A}"
EndProject
Project("{FAE04EC0-301F-11D3-BF4B-00C04F79EFBC}") = "WhatIsCooking.Common", "WhatIsCooking.Common\WhatIsCooking.Common.csproj", "{E58ED5D2-E793-4E57-B227-7F5E7814FA12}"
EndProject
Project("{FAE04EC0-301F-11D3-BF4B-00C04F79EFBC}") = "WhatIsCooking.Common.Tests", "WhatIsCooking.Common.Tests\WhatIsCooking.Common.Tests.csproj", "{D66AEEB7-AC1E-4089-BDB0-BB69EB8B1AC6}"
EndProject
Global
	GlobalSection(SolutionConfigurationPlatforms) = preSolution
		Debug|Any CPU = Debug|Any CPU
		Release|Any CPU = Release|Any CPU
	EndGlobalSection
	GlobalSection(ProjectConfigurationPlatforms) = postSolution
		{94CE71FC-6CE2-45CE-9ABD-929C9970262C}.Debug|Any CPU.ActiveCfg = Debug|Any CPU
		{94CE71FC-6CE2-45CE-9ABD-929C9970262C}.Debug|Any CPU.Build.0 = Debug|Any CPU
		{94CE71FC-6CE2-45CE-9ABD-929C9970262C}.Release|Any CPU.ActiveCfg = Release|Any CPU
		{94CE71FC-6CE2-45CE-9ABD-929C9970262C}.Release|Any CPU.Build.0 = Release|Any CPU
		{E9ADC273-F564-4377-91D8-40BD92C47DC0}.Debug|Any CPU.ActiveCfg = Debug|Any CPU
		{E9ADC273-F564-4377-91D8-40BD92C47DC0}.Debug|Any CPU.Build.0 = Debug|Any CPU
		{E9ADC273-F564-4377-91D8-40BD92C47DC0}.Release|Any CPU.ActiveCfg = Release|Any CPU
		{E9ADC273-F564-4377-91D8-40BD92C47DC0}.Release|Any CPU.Build.0 = Release|Any CPU
		{DE293B94-9354-4808-BB1F-3364E19DE500}.Debug|Any CPU.ActiveCfg = Debug|Any CPU
		{DE293B94-9354-4808-BB1F-3364E19DE500}.Debug|Any CPU.Build.0 = Debug|Any CPU
		{DE293B94-9354-4808-BB1F-3364E19DE500}.Release|Any CPU.ActiveCfg = Release|Any CPU
		{DE293B94-9354-4808-BB1F-3364E19DE500}.Release|Any CPU.Build.0 = Release|Any CPU
		{D4854D86-CB4F-4F86-8B87-A35B1814CA50}.Debug|Any CPU.ActiveCfg = Debug|Any CPU
		{D4854D86-CB4F-4F86-8B87-A35B1814CA50}.Debug|Any CPU.Build.0 = Debug|Any CPU
		{D4854D86-CB4F-4F86-8B87-A35B1814CA50}.Release|Any CPU.ActiveCfg = Release|Any CPU
		{D4854D86-CB4F-4F86-8B87-A35B1814CA50}.Release|Any CPU.Build.0 = Release|Any CPU
		{4534E711-10E3-4D81-A64F-AD13D77E3CE2}.Debug|Any CPU.ActiveCfg = Debug|Any CPU
		{4534E711-10E3-4D81-A64F-AD13D77E3CE2}.Debug|Any CPU.Build.0 = Debug|Any CPU
		{4534E711-10E3-4D81-A64F-AD13D77E3CE2}.Release|Any CPU.ActiveCfg = Release|Any CPU
		{4534E711-10E3-4D81-A64F-AD13D77E3CE2}.Release|Any CPU.Build.0 = Release|Any CPU
		{B86E6724-D433-437B-9FC3-A418D2B7C2A0}.Debug|Any CPU.ActiveCfg = Debug|Any CPU
		{B86E6724-D433-437B-9FC3-A418D2B7C2A0}.Debug|Any CPU.Build.0 = Debug|Any CPU
		{B86E6724-D433-437B-9FC3-A418D2B7C2A0}.Release|Any CPU.ActiveCfg = Release|Any CPU
		{B86E6724-D433-437B-9FC3-A418D2B7C2A0}.Release|Any CPU.Build.0 = Release|Any CPU
		{7AACC64B-D233-4942-BC38-DA8F8852AB0D}.Debug|Any CPU.ActiveCfg = Debug|Any CPU
		{7AACC64B-D233-4942-BC38-DA8F8852AB0D}.Debug|Any CPU.Build.0 = Debug|Any CPU
		{7AACC64B-D233-4942-BC38-DA8F8852AB0D}.Release|Any CPU.ActiveCfg = Release|Any CPU
		{7AACC64B-D233-4942-BC38-DA8F8852AB0D}.Release|Any CPU.Build.0 = Release|Any CPU
		{63393375-F82D-48B1-935F-350F91EEAF88}.Debug|Any CPU.ActiveCfg = Debug|Any CPU
		{63393375-F82D-48B1-935F-350F91EEAF88}.Debug|Any CPU.Build.0 = Debug|Any CPU
		{63393375-F82D-48B1-935F-350F91EEAF88}.Release|Any CPU.ActiveCfg = Release|Any CPU
		{63393375-F82D-48B1-935F-350F91EEAF88}.Release|Any CPU.Build.0 = Release|Any CPU
		{E58ED5D2-E793-4E57-B227-7F5E7814FA12}.Debug|Any CPU.ActiveCfg = Debug|Any CPU
		{E58ED5D2-E793-4E57-B227-7F5E7814FA12}.Debug|Any CPU.Build.0 = Debug|Any CPU
		{E58ED5D2-E793-4E57-B227-7F5E7814FA12}.Release|Any CPU.ActiveCfg = Release|Any CPU
		{E58ED5D2-E793-4E57-B227-7F5E7814FA12}.Release|Any CPU.Build.0 = Release|Any CPU
		{D66AEEB7-AC1E-4089-BDB0-BB69EB8B1AC6}.Debug|Any CPU.ActiveCfg = Debug|Any CPU
		{D66AEEB7-AC1E-4089-BDB0-BB69EB8B1AC6}.Debug|Any CPU.Build.0 = Debug|Any CPU
		{D66AEEB7-AC1E-4089-BDB0-BB69EB8B1AC6}.Release|Any CPU.ActiveCfg = Release|Any CPU
		{D66AEEB7-AC1E-4089-BDB0-BB69EB8B1AC6}.Release|Any CPU.Build.0 = Release|Any CPU
	EndGlobalSection
	GlobalSection(SolutionProperties) = preSolution
		HideSolutionNode = FALSE
	EndGlobalSection
	GlobalSection(NestedProjects) = preSolution
		{94CE71FC-6CE2-45CE-9ABD-929C9970262C} = {685116C8-B017-458D-B699-C7243D502B94}
		{E9ADC273-F564-4377-91D8-40BD92C47DC0} = {71D23105-DC6A-49A9-86BD-77A591096431}
		{DE293B94-9354-4808-BB1F-3364E19DE500} = {71D23105-DC6A-49A9-86BD-77A591096431}
		{D4854D86-CB4F-4F86-8B87-A35B1814CA50} = {71D23105-DC6A-49A9-86BD-77A591096431}
		{4534E711-10E3-4D81-A64F-AD13D77E3CE2} = {71D23105-DC6A-49A9-86BD-77A591096431}
		{B86E6724-D433-437B-9FC3-A418D2B7C2A0} = {E3106948-1C14-4606-865C-01894D2989CC}
		{7AACC64B-D233-4942-BC38-DA8F8852AB0D} = {E3106948-1C14-4606-865C-01894D2989CC}
		{63393375-F82D-48B1-935F-350F91EEAF88} = {685116C8-B017-458D-B699-C7243D502B94}
		{E58ED5D2-E793-4E57-B227-7F5E7814FA12} = {EA7B6CD7-F205-4073-83F6-37FA69EF4C7A}
		{D66AEEB7-AC1E-4089-BDB0-BB69EB8B1AC6} = {EA7B6CD7-F205-4073-83F6-37FA69EF4C7A}
	EndGlobalSection
	GlobalSection(ExtensibilityGlobals) = postSolution
		SolutionGuid = {666899F4-E038-4237-BEAB-1B40849C48B8}
	EndGlobalSection
EndGlobal
