
Microsoft Visual Studio Solution File, Format Version 12.00
# Visual Studio Version 16
VisualStudioVersion = 16.0.29009.5
MinimumVisualStudioVersion = 10.0.40219.1
Project("{FAE04EC0-301F-11D3-BF4B-00C04F79EFBC}") = "WhatIsCooking.WebUI", "WhatIsCooking.WebUI\WhatIsCooking.WebUI.csproj", "{94CE71FC-6CE2-45CE-9ABD-929C9970262C}"
EndProject
Global
	GlobalSection(SolutionConfigurationPlatforms) = preSolution
		Debug|Any CPU = Debug|Any CPU
		Release|Any CPU = Release|Any CPU
	EndGlobalSection
	GlobalSection(ProjectConfigurationPlatforms) = postSolution
		{94CE71FC-6CE2-45CE-9ABD-929C9970262C}.Debug|Any CPU.ActiveCfg = Debug|Any CPU
		{94CE71FC-6CE2-45CE-9ABD-929C9970262C}.Debug|Any CPU.Build.0 = Debug|Any CPU
		{94CE71FC-6CE2-45CE-9ABD-929C9970262C}.Release|Any CPU.ActiveCfg = Release|Any CPU
		{94CE71FC-6CE2-45CE-9ABD-929C9970262C}.Release|Any CPU.Build.0 = Release|Any CPU
	EndGlobalSection
	GlobalSection(SolutionProperties) = preSolution
		HideSolutionNode = FALSE
	EndGlobalSection
	GlobalSection(ExtensibilityGlobals) = postSolution
		SolutionGuid = {666899F4-E038-4237-BEAB-1B40849C48B8}
	EndGlobalSection
EndGlobal
